
Microsoft Visual Studio Solution File, Format Version 12.00
# Visual Studio Version 16
VisualStudioVersion = 16.0.29926.136
MinimumVisualStudioVersion = 10.0.40219.1
Project("{FAE04EC0-301F-11D3-BF4B-00C04F79EFBC}") = "SpeedTyping", "SpeedTyping\SpeedTyping.csproj", "{B74674B6-5311-45E0-9524-F540CEED0604}"
EndProject
Global
	GlobalSection(SolutionConfigurationPlatforms) = preSolution
		Debug|Any CPU = Debug|Any CPU
		Release|Any CPU = Release|Any CPU
	EndGlobalSection
	GlobalSection(ProjectConfigurationPlatforms) = postSolution
		{B74674B6-5311-45E0-9524-F540CEED0604}.Debug|Any CPU.ActiveCfg = Debug|Any CPU
		{B74674B6-5311-45E0-9524-F540CEED0604}.Debug|Any CPU.Build.0 = Debug|Any CPU
		{B74674B6-5311-45E0-9524-F540CEED0604}.Release|Any CPU.ActiveCfg = Release|Any CPU
		{B74674B6-5311-45E0-9524-F540CEED0604}.Release|Any CPU.Build.0 = Release|Any CPU
	EndGlobalSection
	GlobalSection(SolutionProperties) = preSolution
		HideSolutionNode = FALSE
	EndGlobalSection
	GlobalSection(ExtensibilityGlobals) = postSolution
		SolutionGuid = {3B631F72-755F-4256-927C-6C025C2AEFD9}
	EndGlobalSection
EndGlobal
